
Microsoft Visual Studio Solution File, Format Version 12.00
# Visual Studio Version 16
VisualStudioVersion = 16.0.28922.388
MinimumVisualStudioVersion = 10.0.40219.1
Project("{FAE04EC0-301F-11D3-BF4B-00C04F79EFBC}") = "problem908c", "problem908c\problem908c.csproj", "{0FA3B50D-7407-4434-8A65-5416A6F5AD59}"
EndProject
Project("{FAE04EC0-301F-11D3-BF4B-00C04F79EFBC}") = "problem908c.Tests", "..\..\tests\problem908c.Tests\problem908c.Tests.csproj", "{139098A2-A961-4DF1-A315-1F685430CE34}"
EndProject
Global
	GlobalSection(SolutionConfigurationPlatforms) = preSolution
		Debug|Any CPU = Debug|Any CPU
		Release|Any CPU = Release|Any CPU
	EndGlobalSection
	GlobalSection(ProjectConfigurationPlatforms) = postSolution
		{0FA3B50D-7407-4434-8A65-5416A6F5AD59}.Debug|Any CPU.ActiveCfg = Debug|Any CPU
		{0FA3B50D-7407-4434-8A65-5416A6F5AD59}.Debug|Any CPU.Build.0 = Debug|Any CPU
		{0FA3B50D-7407-4434-8A65-5416A6F5AD59}.Release|Any CPU.ActiveCfg = Release|Any CPU
		{0FA3B50D-7407-4434-8A65-5416A6F5AD59}.Release|Any CPU.Build.0 = Release|Any CPU
		{139098A2-A961-4DF1-A315-1F685430CE34}.Debug|Any CPU.ActiveCfg = Debug|Any CPU
		{139098A2-A961-4DF1-A315-1F685430CE34}.Debug|Any CPU.Build.0 = Debug|Any CPU
		{139098A2-A961-4DF1-A315-1F685430CE34}.Release|Any CPU.ActiveCfg = Release|Any CPU
		{139098A2-A961-4DF1-A315-1F685430CE34}.Release|Any CPU.Build.0 = Release|Any CPU
	EndGlobalSection
	GlobalSection(SolutionProperties) = preSolution
		HideSolutionNode = FALSE
	EndGlobalSection
	GlobalSection(ExtensibilityGlobals) = postSolution
		SolutionGuid = {A063CAC3-EAEE-43D5-973B-145199426CEB}
	EndGlobalSection
EndGlobal
